{
  "name": "Angular",
  "lockfileVersion": 3,
  "requires": true,
  "packages": {
    "": {
      "dependencies": {
        "@maptiler/client": "^2.0.0"
      }
    },
    "node_modules/@maptiler/client": {
      "version": "2.0.0",
      "resolved": "https://registry.npmjs.org/@maptiler/client/-/client-2.0.0.tgz",
      "integrity": "sha512-0sxRhpizfkZPY4cEBMUxF9WaWraMPkWNJxi373qaGfP/e8aKFudt5GlHvOKc3hI0bjAyevAdjVJbKC6SUxOGkg==",
      "license": "BSD-3-Clause",
      "dependencies": {
        "quick-lru": "^7.0.0"
      }
    },
    "node_modules/quick-lru": {
      "version": "7.0.0",
      "resolved": "https://registry.npmjs.org/quick-lru/-/quick-lru-7.0.0.tgz",
      "integrity": "sha512-MX8gB7cVYTrYcFfAnfLlhRd0+Toyl8yX8uBx1MrX7K0jegiz9TumwOK27ldXrgDlHRdVi+MqU9Ssw6dr4BNreg==",
      "license": "MIT",
      "engines": {
        "node": ">=18"
      },
      "funding": {
        "url": "https://github.com/sponsors/sindresorhus"
      }
    }
  }
}
